
Microsoft Visual Studio Solution File, Format Version 12.00
# Visual Studio Version 17
VisualStudioVersion = 17.5.33516.290
MinimumVisualStudioVersion = 10.0.40219.1
Project("{FAE04EC0-301F-11D3-BF4B-00C04F79EFBC}") = "GradeBook", "GradeBook\GradeBook.csproj", "{A65D9AD8-77A6-4107-8821-1C2776076643}"
EndProject
Project("{FAE04EC0-301F-11D3-BF4B-00C04F79EFBC}") = "grades.nUnitTests", "grades.nUnitTests\grades.nUnitTests.csproj", "{23766698-3DED-4403-9FF1-504C2621CE02}"
EndProject
Global
	GlobalSection(SolutionConfigurationPlatforms) = preSolution
		Debug|Any CPU = Debug|Any CPU
		Release|Any CPU = Release|Any CPU
	EndGlobalSection
	GlobalSection(ProjectConfigurationPlatforms) = postSolution
		{A65D9AD8-77A6-4107-8821-1C2776076643}.Debug|Any CPU.ActiveCfg = Debug|Any CPU
		{A65D9AD8-77A6-4107-8821-1C2776076643}.Debug|Any CPU.Build.0 = Debug|Any CPU
		{A65D9AD8-77A6-4107-8821-1C2776076643}.Release|Any CPU.ActiveCfg = Release|Any CPU
		{A65D9AD8-77A6-4107-8821-1C2776076643}.Release|Any CPU.Build.0 = Release|Any CPU
		{23766698-3DED-4403-9FF1-504C2621CE02}.Debug|Any CPU.ActiveCfg = Debug|Any CPU
		{23766698-3DED-4403-9FF1-504C2621CE02}.Debug|Any CPU.Build.0 = Debug|Any CPU
		{23766698-3DED-4403-9FF1-504C2621CE02}.Release|Any CPU.ActiveCfg = Release|Any CPU
		{23766698-3DED-4403-9FF1-504C2621CE02}.Release|Any CPU.Build.0 = Release|Any CPU
	EndGlobalSection
	GlobalSection(SolutionProperties) = preSolution
		HideSolutionNode = FALSE
	EndGlobalSection
	GlobalSection(ExtensibilityGlobals) = postSolution
		SolutionGuid = {551FEEBA-E713-43BD-A0F9-550B5319C411}
	EndGlobalSection
EndGlobal
