
Microsoft Visual Studio Solution File, Format Version 12.00
# Visual Studio Version 17
VisualStudioVersion = 17.5.33516.290
MinimumVisualStudioVersion = 10.0.40219.1
Project("{FAE04EC0-301F-11D3-BF4B-00C04F79EFBC}") = "MultiThreading.Part2", "MultiThreading.Part2\MultiThreading.Part2.csproj", "{4C870FED-E8B7-459D-A2E9-E2B0B90FDDCB}"
EndProject
Global
	GlobalSection(SolutionConfigurationPlatforms) = preSolution
		Debug|Any CPU = Debug|Any CPU
		Release|Any CPU = Release|Any CPU
	EndGlobalSection
	GlobalSection(ProjectConfigurationPlatforms) = postSolution
		{4C870FED-E8B7-459D-A2E9-E2B0B90FDDCB}.Debug|Any CPU.ActiveCfg = Debug|Any CPU
		{4C870FED-E8B7-459D-A2E9-E2B0B90FDDCB}.Debug|Any CPU.Build.0 = Debug|Any CPU
		{4C870FED-E8B7-459D-A2E9-E2B0B90FDDCB}.Release|Any CPU.ActiveCfg = Release|Any CPU
		{4C870FED-E8B7-459D-A2E9-E2B0B90FDDCB}.Release|Any CPU.Build.0 = Release|Any CPU
	EndGlobalSection
	GlobalSection(SolutionProperties) = preSolution
		HideSolutionNode = FALSE
	EndGlobalSection
	GlobalSection(ExtensibilityGlobals) = postSolution
		SolutionGuid = {65B86D0B-8578-49AB-BBB6-B22AF16A3083}
	EndGlobalSection
EndGlobal
