
Microsoft Visual Studio Solution File, Format Version 12.00
# Visual Studio Version 17
VisualStudioVersion = 17.5.33516.290
MinimumVisualStudioVersion = 10.0.40219.1
Project("{FAE04EC0-301F-11D3-BF4B-00C04F79EFBC}") = "WiredBrainCoffee.StackApp", "WiredBrainCoffee.StackApp\WiredBrainCoffee.StackApp.csproj", "{181EC8C8-90B4-4497-9EAF-995851F4A08A}"
EndProject
Global
	GlobalSection(SolutionConfigurationPlatforms) = preSolution
		Debug|Any CPU = Debug|Any CPU
		Release|Any CPU = Release|Any CPU
	EndGlobalSection
	GlobalSection(ProjectConfigurationPlatforms) = postSolution
		{181EC8C8-90B4-4497-9EAF-995851F4A08A}.Debug|Any CPU.ActiveCfg = Debug|Any CPU
		{181EC8C8-90B4-4497-9EAF-995851F4A08A}.Debug|Any CPU.Build.0 = Debug|Any CPU
		{181EC8C8-90B4-4497-9EAF-995851F4A08A}.Release|Any CPU.ActiveCfg = Release|Any CPU
		{181EC8C8-90B4-4497-9EAF-995851F4A08A}.Release|Any CPU.Build.0 = Release|Any CPU
	EndGlobalSection
	GlobalSection(SolutionProperties) = preSolution
		HideSolutionNode = FALSE
	EndGlobalSection
	GlobalSection(ExtensibilityGlobals) = postSolution
		SolutionGuid = {1E356CAD-D06E-44A8-BFC3-279FB2032668}
	EndGlobalSection
EndGlobal
